
Microsoft Visual Studio Solution File, Format Version 12.00
# Visual Studio Version 16
VisualStudioVersion = 16.0.31005.135
MinimumVisualStudioVersion = 10.0.40219.1
Project("{FAE04EC0-301F-11D3-BF4B-00C04F79EFBC}") = "TicketProject", "TicketProject\TicketProject.csproj", "{A8985390-88A7-46A5-8349-D8AFB94D9EC3}"
EndProject
Global
	GlobalSection(SolutionConfigurationPlatforms) = preSolution
		Debug|Any CPU = Debug|Any CPU
		Release|Any CPU = Release|Any CPU
	EndGlobalSection
	GlobalSection(ProjectConfigurationPlatforms) = postSolution
		{A8985390-88A7-46A5-8349-D8AFB94D9EC3}.Debug|Any CPU.ActiveCfg = Debug|Any CPU
		{A8985390-88A7-46A5-8349-D8AFB94D9EC3}.Debug|Any CPU.Build.0 = Debug|Any CPU
		{A8985390-88A7-46A5-8349-D8AFB94D9EC3}.Release|Any CPU.ActiveCfg = Release|Any CPU
		{A8985390-88A7-46A5-8349-D8AFB94D9EC3}.Release|Any CPU.Build.0 = Release|Any CPU
	EndGlobalSection
	GlobalSection(SolutionProperties) = preSolution
		HideSolutionNode = FALSE
	EndGlobalSection
	GlobalSection(ExtensibilityGlobals) = postSolution
		SolutionGuid = {64F7085A-92DB-4A52-8DD6-9E1E69A45186}
	EndGlobalSection
EndGlobal
